
Microsoft Visual Studio Solution File, Format Version 12.00
Project("{2150E333-8FDC-42A3-9474-1A3956D46DE8}") = "src", "src", "{0268D72A-C4DC-4B67-B440-7F461F894DCE}"
EndProject
Project("{2150E333-8FDC-42A3-9474-1A3956D46DE8}") = "common", "common", "{B3BD3F48-0F28-4E61-B984-822602BF3256}"
	ProjectSection(SolutionItems) = preProject
		Directory.Build.props = Directory.Build.props
		Directory.Packages.props = Directory.Packages.props
		docker-compose.yaml = docker-compose.yaml
	EndProjectSection
EndProject
Project("{2150E333-8FDC-42A3-9474-1A3956D46DE8}") = "tests", "tests", "{2F965628-0D86-4DC7-B36B-668D49EDFD89}"
EndProject
Project("{2150E333-8FDC-42A3-9474-1A3956D46DE8}") = "Manga", "Manga", "{9BCBFED7-C19B-4DFF-B146-D0FBE7F31951}"
EndProject
Project("{2150E333-8FDC-42A3-9474-1A3956D46DE8}") = "Anime", "Anime", "{6FFEA02B-45B9-44E0-B67D-593E38674E4C}"
EndProject
Project("{2150E333-8FDC-42A3-9474-1A3956D46DE8}") = "1.Modules", "1.Modules", "{3E9104FF-63E1-4EFC-94E9-D025899F025E}"
EndProject
Project("{2150E333-8FDC-42A3-9474-1A3956D46DE8}") = "0.Utils", "0.Utils", "{25C8AA71-89A7-467F-ACB3-E6E282B4B187}"
EndProject
Project("{2150E333-8FDC-42A3-9474-1A3956D46DE8}") = "3.Host", "3.Host", "{8FAADA85-B24B-4CF0-A353-D5EC66243BDE}"
EndProject
Project("{2150E333-8FDC-42A3-9474-1A3956D46DE8}") = "2.Bridges", "2.Bridges", "{F20F6C7B-35A8-4817-88F2-3A3F07A85E94}"
EndProject
Project("{FAE04EC0-301F-11D3-BF4B-00C04F79EFBC}") = "Core", "src\Utils\Core\Core.csproj", "{5BB14A67-8190-4A80-9932-F17BE982493C}"
EndProject
Project("{FAE04EC0-301F-11D3-BF4B-00C04F79EFBC}") = "Common", "src\Utils\Common\Common.csproj", "{74F2B32E-6CC3-4AF3-B03B-EF2DD2F5EE15}"
EndProject
Project("{FAE04EC0-301F-11D3-BF4B-00C04F79EFBC}") = "Japanese.Api", "src\Host\Japanese.Api\Japanese.Api.csproj", "{69CC8298-2AB6-4EFC-A2BC-51F6E40298E4}"
EndProject
Project("{FAE04EC0-301F-11D3-BF4B-00C04F79EFBC}") = "Anime.Manga.Bridge", "src\Bridges\Anime.Manga.Bridge\Anime.Manga.Bridge.csproj", "{0AE4A219-EEEF-4D2B-BDCD-054A56920698}"
EndProject
Project("{FAE04EC0-301F-11D3-BF4B-00C04F79EFBC}") = "Anime.Contracts", "src\Modules\Anime\Anime.Contracts\Anime.Contracts.csproj", "{55379D8D-489A-4B89-B033-1CE57ADE1A98}"
EndProject
Project("{FAE04EC0-301F-11D3-BF4B-00C04F79EFBC}") = "Anime.Service", "src\Modules\Anime\Anime.Service\Anime.Service.csproj", "{BA8A8B15-7815-4A20-954A-D3E982499664}"
EndProject
Project("{FAE04EC0-301F-11D3-BF4B-00C04F79EFBC}") = "Anime.GraphQL", "src\Modules\Anime\Anime.GraphQL\Anime.GraphQL.csproj", "{2E9E21D2-1664-4CD7-9C24-2B4194E052C4}"
EndProject
Project("{FAE04EC0-301F-11D3-BF4B-00C04F79EFBC}") = "Manga.Contracts", "src\Modules\Manga\Manga.Contracts\Manga.Contracts.csproj", "{1E469258-7B91-4673-A2A1-85584E8A3BC2}"
EndProject
Project("{FAE04EC0-301F-11D3-BF4B-00C04F79EFBC}") = "Manga.GraphQL", "src\Modules\Manga\Manga.GraphQL\Manga.GraphQL.csproj", "{644B0148-19EB-41D1-997E-EC7AC77144C1}"
EndProject
Project("{FAE04EC0-301F-11D3-BF4B-00C04F79EFBC}") = "Manga.Service", "src\Modules\Manga\Manga.Service\Manga.Service.csproj", "{E0B03A23-FBC7-45D4-8397-5DAFFCD2D21B}"
EndProject
Project("{FAE04EC0-301F-11D3-BF4B-00C04F79EFBC}") = "Japanese.Api.Tests.Unit", "tests\Japanese.Api.Tests.Unit\Japanese.Api.Tests.Unit.csproj", "{87095305-5BE1-48C2-A4A4-C70F54BDFF81}"
EndProject
Project("{FAE04EC0-301F-11D3-BF4B-00C04F79EFBC}") = "ServiceDefaults", "src\Utils\ServiceDefaults\ServiceDefaults.csproj", "{05D16011-78CA-42B3-9584-8CE65EC99511}"
EndProject
Project("{FAE04EC0-301F-11D3-BF4B-00C04F79EFBC}") = "Culture.App.Host", "src\Host\Culture.App.Host\Culture.App.Host.csproj", "{41C31E18-27DE-4E94-BDAC-F0CDEE325CD5}"
EndProject
Global
	GlobalSection(SolutionConfigurationPlatforms) = preSolution
		Debug|Any CPU = Debug|Any CPU
		Release|Any CPU = Release|Any CPU
	EndGlobalSection
	GlobalSection(NestedProjects) = preSolution
		{3E9104FF-63E1-4EFC-94E9-D025899F025E} = {0268D72A-C4DC-4B67-B440-7F461F894DCE}
		{9BCBFED7-C19B-4DFF-B146-D0FBE7F31951} = {3E9104FF-63E1-4EFC-94E9-D025899F025E}
		{6FFEA02B-45B9-44E0-B67D-593E38674E4C} = {3E9104FF-63E1-4EFC-94E9-D025899F025E}
		{25C8AA71-89A7-467F-ACB3-E6E282B4B187} = {0268D72A-C4DC-4B67-B440-7F461F894DCE}
		{8FAADA85-B24B-4CF0-A353-D5EC66243BDE} = {0268D72A-C4DC-4B67-B440-7F461F894DCE}
		{F20F6C7B-35A8-4817-88F2-3A3F07A85E94} = {0268D72A-C4DC-4B67-B440-7F461F894DCE}
		{5BB14A67-8190-4A80-9932-F17BE982493C} = {25C8AA71-89A7-467F-ACB3-E6E282B4B187}
		{74F2B32E-6CC3-4AF3-B03B-EF2DD2F5EE15} = {25C8AA71-89A7-467F-ACB3-E6E282B4B187}
		{69CC8298-2AB6-4EFC-A2BC-51F6E40298E4} = {8FAADA85-B24B-4CF0-A353-D5EC66243BDE}
		{0AE4A219-EEEF-4D2B-BDCD-054A56920698} = {F20F6C7B-35A8-4817-88F2-3A3F07A85E94}
		{55379D8D-489A-4B89-B033-1CE57ADE1A98} = {6FFEA02B-45B9-44E0-B67D-593E38674E4C}
		{BA8A8B15-7815-4A20-954A-D3E982499664} = {6FFEA02B-45B9-44E0-B67D-593E38674E4C}
		{2E9E21D2-1664-4CD7-9C24-2B4194E052C4} = {6FFEA02B-45B9-44E0-B67D-593E38674E4C}
		{1E469258-7B91-4673-A2A1-85584E8A3BC2} = {9BCBFED7-C19B-4DFF-B146-D0FBE7F31951}
		{644B0148-19EB-41D1-997E-EC7AC77144C1} = {9BCBFED7-C19B-4DFF-B146-D0FBE7F31951}
		{E0B03A23-FBC7-45D4-8397-5DAFFCD2D21B} = {9BCBFED7-C19B-4DFF-B146-D0FBE7F31951}
		{87095305-5BE1-48C2-A4A4-C70F54BDFF81} = {2F965628-0D86-4DC7-B36B-668D49EDFD89}
		{05D16011-78CA-42B3-9584-8CE65EC99511} = {25C8AA71-89A7-467F-ACB3-E6E282B4B187}
		{41C31E18-27DE-4E94-BDAC-F0CDEE325CD5} = {8FAADA85-B24B-4CF0-A353-D5EC66243BDE}
	EndGlobalSection
	GlobalSection(ProjectConfigurationPlatforms) = postSolution
		{5BB14A67-8190-4A80-9932-F17BE982493C}.Debug|Any CPU.ActiveCfg = Debug|Any CPU
		{5BB14A67-8190-4A80-9932-F17BE982493C}.Debug|Any CPU.Build.0 = Debug|Any CPU
		{5BB14A67-8190-4A80-9932-F17BE982493C}.Release|Any CPU.ActiveCfg = Release|Any CPU
		{5BB14A67-8190-4A80-9932-F17BE982493C}.Release|Any CPU.Build.0 = Release|Any CPU
		{74F2B32E-6CC3-4AF3-B03B-EF2DD2F5EE15}.Debug|Any CPU.ActiveCfg = Debug|Any CPU
		{74F2B32E-6CC3-4AF3-B03B-EF2DD2F5EE15}.Debug|Any CPU.Build.0 = Debug|Any CPU
		{74F2B32E-6CC3-4AF3-B03B-EF2DD2F5EE15}.Release|Any CPU.ActiveCfg = Release|Any CPU
		{74F2B32E-6CC3-4AF3-B03B-EF2DD2F5EE15}.Release|Any CPU.Build.0 = Release|Any CPU
		{69CC8298-2AB6-4EFC-A2BC-51F6E40298E4}.Debug|Any CPU.ActiveCfg = Debug|Any CPU
		{69CC8298-2AB6-4EFC-A2BC-51F6E40298E4}.Debug|Any CPU.Build.0 = Debug|Any CPU
		{69CC8298-2AB6-4EFC-A2BC-51F6E40298E4}.Release|Any CPU.ActiveCfg = Release|Any CPU
		{69CC8298-2AB6-4EFC-A2BC-51F6E40298E4}.Release|Any CPU.Build.0 = Release|Any CPU
		{0AE4A219-EEEF-4D2B-BDCD-054A56920698}.Debug|Any CPU.ActiveCfg = Debug|Any CPU
		{0AE4A219-EEEF-4D2B-BDCD-054A56920698}.Debug|Any CPU.Build.0 = Debug|Any CPU
		{0AE4A219-EEEF-4D2B-BDCD-054A56920698}.Release|Any CPU.ActiveCfg = Release|Any CPU
		{0AE4A219-EEEF-4D2B-BDCD-054A56920698}.Release|Any CPU.Build.0 = Release|Any CPU
		{55379D8D-489A-4B89-B033-1CE57ADE1A98}.Debug|Any CPU.ActiveCfg = Debug|Any CPU
		{55379D8D-489A-4B89-B033-1CE57ADE1A98}.Debug|Any CPU.Build.0 = Debug|Any CPU
		{55379D8D-489A-4B89-B033-1CE57ADE1A98}.Release|Any CPU.ActiveCfg = Release|Any CPU
		{55379D8D-489A-4B89-B033-1CE57ADE1A98}.Release|Any CPU.Build.0 = Release|Any CPU
		{BA8A8B15-7815-4A20-954A-D3E982499664}.Debug|Any CPU.ActiveCfg = Debug|Any CPU
		{BA8A8B15-7815-4A20-954A-D3E982499664}.Debug|Any CPU.Build.0 = Debug|Any CPU
		{BA8A8B15-7815-4A20-954A-D3E982499664}.Release|Any CPU.ActiveCfg = Release|Any CPU
		{BA8A8B15-7815-4A20-954A-D3E982499664}.Release|Any CPU.Build.0 = Release|Any CPU
		{2E9E21D2-1664-4CD7-9C24-2B4194E052C4}.Debug|Any CPU.ActiveCfg = Debug|Any CPU
		{2E9E21D2-1664-4CD7-9C24-2B4194E052C4}.Debug|Any CPU.Build.0 = Debug|Any CPU
		{2E9E21D2-1664-4CD7-9C24-2B4194E052C4}.Release|Any CPU.ActiveCfg = Release|Any CPU
		{2E9E21D2-1664-4CD7-9C24-2B4194E052C4}.Release|Any CPU.Build.0 = Release|Any CPU
		{1E469258-7B91-4673-A2A1-85584E8A3BC2}.Debug|Any CPU.ActiveCfg = Debug|Any CPU
		{1E469258-7B91-4673-A2A1-85584E8A3BC2}.Debug|Any CPU.Build.0 = Debug|Any CPU
		{1E469258-7B91-4673-A2A1-85584E8A3BC2}.Release|Any CPU.ActiveCfg = Release|Any CPU
		{1E469258-7B91-4673-A2A1-85584E8A3BC2}.Release|Any CPU.Build.0 = Release|Any CPU
		{644B0148-19EB-41D1-997E-EC7AC77144C1}.Debug|Any CPU.ActiveCfg = Debug|Any CPU
		{644B0148-19EB-41D1-997E-EC7AC77144C1}.Debug|Any CPU.Build.0 = Debug|Any CPU
		{644B0148-19EB-41D1-997E-EC7AC77144C1}.Release|Any CPU.ActiveCfg = Release|Any CPU
		{644B0148-19EB-41D1-997E-EC7AC77144C1}.Release|Any CPU.Build.0 = Release|Any CPU
		{E0B03A23-FBC7-45D4-8397-5DAFFCD2D21B}.Debug|Any CPU.ActiveCfg = Debug|Any CPU
		{E0B03A23-FBC7-45D4-8397-5DAFFCD2D21B}.Debug|Any CPU.Build.0 = Debug|Any CPU
		{E0B03A23-FBC7-45D4-8397-5DAFFCD2D21B}.Release|Any CPU.ActiveCfg = Release|Any CPU
		{E0B03A23-FBC7-45D4-8397-5DAFFCD2D21B}.Release|Any CPU.Build.0 = Release|Any CPU
		{87095305-5BE1-48C2-A4A4-C70F54BDFF81}.Debug|Any CPU.ActiveCfg = Debug|Any CPU
		{87095305-5BE1-48C2-A4A4-C70F54BDFF81}.Debug|Any CPU.Build.0 = Debug|Any CPU
		{87095305-5BE1-48C2-A4A4-C70F54BDFF81}.Release|Any CPU.ActiveCfg = Release|Any CPU
		{87095305-5BE1-48C2-A4A4-C70F54BDFF81}.Release|Any CPU.Build.0 = Release|Any CPU
		{05D16011-78CA-42B3-9584-8CE65EC99511}.Debug|Any CPU.ActiveCfg = Debug|Any CPU
		{05D16011-78CA-42B3-9584-8CE65EC99511}.Debug|Any CPU.Build.0 = Debug|Any CPU
		{05D16011-78CA-42B3-9584-8CE65EC99511}.Release|Any CPU.ActiveCfg = Release|Any CPU
		{05D16011-78CA-42B3-9584-8CE65EC99511}.Release|Any CPU.Build.0 = Release|Any CPU
		{41C31E18-27DE-4E94-BDAC-F0CDEE325CD5}.Debug|Any CPU.ActiveCfg = Debug|Any CPU
		{41C31E18-27DE-4E94-BDAC-F0CDEE325CD5}.Debug|Any CPU.Build.0 = Debug|Any CPU
		{41C31E18-27DE-4E94-BDAC-F0CDEE325CD5}.Release|Any CPU.ActiveCfg = Release|Any CPU
		{41C31E18-27DE-4E94-BDAC-F0CDEE325CD5}.Release|Any CPU.Build.0 = Release|Any CPU
	EndGlobalSection
EndGlobal
